
Microsoft Visual Studio Solution File, Format Version 12.00
# Visual Studio 15
VisualStudioVersion = 15.0.27703.2047
MinimumVisualStudioVersion = 10.0.40219.1
Project("{FAE04EC0-301F-11D3-BF4B-00C04F79EFBC}") = "3DObject_Exporter", "3DObject_Exporter\3DObject_Exporter.csproj", "{A289AC80-F0F5-481A-A3D2-6C172B4481C6}"
EndProject
Global
	GlobalSection(SolutionConfigurationPlatforms) = preSolution
		Debug|Any CPU = Debug|Any CPU
		Release|Any CPU = Release|Any CPU
	EndGlobalSection
	GlobalSection(ProjectConfigurationPlatforms) = postSolution
		{A289AC80-F0F5-481A-A3D2-6C172B4481C6}.Debug|Any CPU.ActiveCfg = Debug|Any CPU
		{A289AC80-F0F5-481A-A3D2-6C172B4481C6}.Debug|Any CPU.Build.0 = Debug|Any CPU
		{A289AC80-F0F5-481A-A3D2-6C172B4481C6}.Release|Any CPU.ActiveCfg = Release|Any CPU
		{A289AC80-F0F5-481A-A3D2-6C172B4481C6}.Release|Any CPU.Build.0 = Release|Any CPU
	EndGlobalSection
	GlobalSection(SolutionProperties) = preSolution
		HideSolutionNode = FALSE
	EndGlobalSection
	GlobalSection(ExtensibilityGlobals) = postSolution
		SolutionGuid = {CAE5CFA2-CCE5-4A9E-98BE-73C647467A48}
	EndGlobalSection
EndGlobal
